{
  "requires": true,
  "lockfileVersion": 1,
  "dependencies": {
    "password-salt-and-hash": {
      "version": "1.0.5",
      "resolved": "https://registry.npmjs.org/password-salt-and-hash/-/password-salt-and-hash-1.0.5.tgz",
      "integrity": "sha512-A5sPmo3f3hLMDUBGCQGpQwz6BS+SKmMWcbeHzDUE1xwO+casoPDEkbfD8lYdeLndcZJE/UUpYYbVtufH2x35dQ=="
    }
  }
}
